// !$*UTF8*$!
{
	archiveVersion = 1;
	classes = {
	};
	objectVersion = 46;
	objects = {

/* Begin PBXBuildFile section */
		1DDD58160DA1D0A300B32029 /* MainMenu.xib in Resources */ = {isa = PBXBuildFile; fileRef = 1DDD58140DA1D0A300B32029 /* MainMenu.xib */; };
		5852BB60118650D90064384E /* main.m in Sources */ = {isa = PBXBuildFile; fileRef = 5852BB5A118650D90064384E /* main.m */; };
		5852BB61118650D90064384E /* RogueDriver.m in Sources */ = {isa = PBXBuildFile; fileRef = 5852BB5D118650D90064384E /* RogueDriver.m */; };
		5852BB62118650D90064384E /* Viewport.m in Sources */ = {isa = PBXBuildFile; fileRef = 5852BB5F118650D90064384E /* Viewport.m */; };
		58831148109E46C800FF029E /* cBrogue Icon.icns in Resources */ = {isa = PBXBuildFile; fileRef = 58831147109E46C800FF029E /* cBrogue Icon.icns */; };
		8D11072B0486CEB800E47090 /* InfoPlist.strings in Resources */ = {isa = PBXBuildFile; fileRef = 089C165CFE840E0CC02AAC07 /* InfoPlist.strings */; };
		8D11072F0486CEB800E47090 /* Cocoa.framework in Frameworks */ = {isa = PBXBuildFile; fileRef = 1058C7A1FEA54F0111CA2CBB /* Cocoa.framework */; };
		F0743E501E6F3ACE004EB400 /* Ability.cpp in Sources */ = {isa = PBXBuildFile; fileRef = F0743E421E6F3ACE004EB400 /* Ability.cpp */; };
		F0743E511E6F3ACE004EB400 /* Blueprints.cpp in Sources */ = {isa = PBXBuildFile; fileRef = F0743E441E6F3ACE004EB400 /* Blueprints.cpp */; };
		F0743E521E6F3ACE004EB400 /* Body.cpp in Sources */ = {isa = PBXBuildFile; fileRef = F0743E461E6F3ACE004EB400 /* Body.cpp */; };
		F0743E531E6F3ACE004EB400 /* ChimeraMonster.cpp in Sources */ = {isa = PBXBuildFile; fileRef = F0743E481E6F3ACE004EB400 /* ChimeraMonster.cpp */; };
		F0743E541E6F3ACE004EB400 /* Horde.cpp in Sources */ = {isa = PBXBuildFile; fileRef = F0743E4A1E6F3ACE004EB400 /* Horde.cpp */; };
		F0743E551E6F3ACE004EB400 /* MonsterGenerator.cpp in Sources */ = {isa = PBXBuildFile; fileRef = F0743E4C1E6F3ACE004EB400 /* MonsterGenerator.cpp */; };
		F0743E561E6F3ACE004EB400 /* MonsterGlobals.cpp in Sources */ = {isa = PBXBuildFile; fileRef = F0743E4E1E6F3ACE004EB400 /* MonsterGlobals.cpp */; };
		F0743E671E6F3AE4004EB400 /* Architect.cpp in Sources */ = {isa = PBXBuildFile; fileRef = F0743E571E6F3AE4004EB400 /* Architect.cpp */; };
		F0743E681E6F3AE4004EB400 /* Buttons.cpp in Sources */ = {isa = PBXBuildFile; fileRef = F0743E581E6F3AE4004EB400 /* Buttons.cpp */; };
		F0743E691E6F3AE4004EB400 /* Combat.cpp in Sources */ = {isa = PBXBuildFile; fileRef = F0743E591E6F3AE4004EB400 /* Combat.cpp */; };
		F0743E6A1E6F3AE4004EB400 /* Dijkstra.cpp in Sources */ = {isa = PBXBuildFile; fileRef = F0743E5A1E6F3AE4004EB400 /* Dijkstra.cpp */; };
		F0743E6B1E6F3AE4004EB400 /* Globals.cpp in Sources */ = {isa = PBXBuildFile; fileRef = F0743E5B1E6F3AE4004EB400 /* Globals.cpp */; };
		F0743E6C1E6F3AE4004EB400 /* Grid.cpp in Sources */ = {isa = PBXBuildFile; fileRef = F0743E5C1E6F3AE4004EB400 /* Grid.cpp */; };
		F0743E6D1E6F3AE4004EB400 /* IO.cpp in Sources */ = {isa = PBXBuildFile; fileRef = F0743E5D1E6F3AE4004EB400 /* IO.cpp */; };
		F0743E6E1E6F3AE4004EB400 /* Items.cpp in Sources */ = {isa = PBXBuildFile; fileRef = F0743E5E1E6F3AE4004EB400 /* Items.cpp */; };
		F0743E6F1E6F3AE4004EB400 /* Light.cpp in Sources */ = {isa = PBXBuildFile; fileRef = F0743E5F1E6F3AE4004EB400 /* Light.cpp */; };
		F0743E701E6F3AE4004EB400 /* MainMenu.cpp in Sources */ = {isa = PBXBuildFile; fileRef = F0743E601E6F3AE4004EB400 /* MainMenu.cpp */; };
		F0743E711E6F3AE4004EB400 /* Monsters.cpp in Sources */ = {isa = PBXBuildFile; fileRef = F0743E611E6F3AE4004EB400 /* Monsters.cpp */; };
		F0743E721E6F3AE4004EB400 /* Movement.cpp in Sources */ = {isa = PBXBuildFile; fileRef = F0743E621E6F3AE4004EB400 /* Movement.cpp */; };
		F0743E731E6F3AE4004EB400 /* Random.cpp in Sources */ = {isa = PBXBuildFile; fileRef = F0743E631E6F3AE4004EB400 /* Random.cpp */; };
		F0743E741E6F3AE4004EB400 /* Recordings.cpp in Sources */ = {isa = PBXBuildFile; fileRef = F0743E641E6F3AE4004EB400 /* Recordings.cpp */; };
		F0743E751E6F3AE4004EB400 /* RogueMain.cpp in Sources */ = {isa = PBXBuildFile; fileRef = F0743E651E6F3AE4004EB400 /* RogueMain.cpp */; };
		F0743E761E6F3AE4004EB400 /* Time.cpp in Sources */ = {isa = PBXBuildFile; fileRef = F0743E661E6F3AE4004EB400 /* Time.cpp */; };
/* End PBXBuildFile section */

/* Begin PBXFileReference section */
		089C165DFE840E0CC02AAC07 /* English */ = {isa = PBXFileReference; fileEncoding = 10; lastKnownFileType = text.plist.strings; name = English; path = English.lproj/InfoPlist.strings; sourceTree = "<group>"; };
		1058C7A1FEA54F0111CA2CBB /* Cocoa.framework */ = {isa = PBXFileReference; lastKnownFileType = wrapper.framework; name = Cocoa.framework; path = /System/Library/Frameworks/Cocoa.framework; sourceTree = "<absolute>"; };
		13E42FB307B3F0F600E4EEF1 /* CoreData.framework */ = {isa = PBXFileReference; lastKnownFileType = wrapper.framework; name = CoreData.framework; path = /System/Library/Frameworks/CoreData.framework; sourceTree = "<absolute>"; };
		1DDD58150DA1D0A300B32029 /* English */ = {isa = PBXFileReference; lastKnownFileType = file.xib; name = English; path = English.lproj/MainMenu.xib; sourceTree = "<group>"; };
		29B97324FDCFA39411CA2CEA /* AppKit.framework */ = {isa = PBXFileReference; lastKnownFileType = wrapper.framework; name = AppKit.framework; path = /System/Library/Frameworks/AppKit.framework; sourceTree = "<absolute>"; };
		29B97325FDCFA39411CA2CEA /* Foundation.framework */ = {isa = PBXFileReference; lastKnownFileType = wrapper.framework; name = Foundation.framework; path = /System/Library/Frameworks/Foundation.framework; sourceTree = "<absolute>"; };
		5852BB43118650A10064384E /* IncludeGlobals.h */ = {isa = PBXFileReference; fileEncoding = 4; lastKnownFileType = sourcecode.c.h; name = IncludeGlobals.h; path = BrogueCode/IncludeGlobals.h; sourceTree = "<group>"; };
		5852BB49118650A10064384E /* Rogue.h */ = {isa = PBXFileReference; fileEncoding = 4; lastKnownFileType = sourcecode.c.h; name = Rogue.h; path = BrogueCode/Rogue.h; sourceTree = "<group>"; };
		5852BB5A118650D90064384E /* main.m */ = {isa = PBXFileReference; fileEncoding = 4; lastKnownFileType = sourcecode.c.objc; name = main.m; path = PlatformCode/main.m; sourceTree = "<group>"; };
		5852BB5C118650D90064384E /* RogueDriver.h */ = {isa = PBXFileReference; fileEncoding = 4; lastKnownFileType = sourcecode.c.h; name = RogueDriver.h; path = PlatformCode/RogueDriver.h; sourceTree = "<group>"; };
		5852BB5D118650D90064384E /* RogueDriver.m */ = {isa = PBXFileReference; fileEncoding = 4; lastKnownFileType = sourcecode.c.objc; name = RogueDriver.m; path = PlatformCode/RogueDriver.m; sourceTree = "<group>"; };
		5852BB5E118650D90064384E /* Viewport.h */ = {isa = PBXFileReference; fileEncoding = 4; lastKnownFileType = sourcecode.c.h; name = Viewport.h; path = PlatformCode/Viewport.h; sourceTree = "<group>"; };
		5852BB5F118650D90064384E /* Viewport.m */ = {isa = PBXFileReference; fileEncoding = 4; lastKnownFileType = sourcecode.c.objc; name = Viewport.m; path = PlatformCode/Viewport.m; sourceTree = "<group>"; };
		58831147109E46C800FF029E /* cBrogue Icon.icns */ = {isa = PBXFileReference; lastKnownFileType = image.icns; path = "cBrogue Icon.icns"; sourceTree = "<group>"; };
		58CA453411A8C4F9006D03FC /* PlatformDefines.h */ = {isa = PBXFileReference; fileEncoding = 4; lastKnownFileType = sourcecode.c.h; name = PlatformDefines.h; path = PlatformCode/PlatformDefines.h; sourceTree = "<group>"; };
		8D1107310486CEB800E47090 /* Info.plist */ = {isa = PBXFileReference; fileEncoding = 4; lastKnownFileType = text.plist.xml; path = Info.plist; sourceTree = "<group>"; };
		8D1107320486CEB800E47090 /* cBrogue.app */ = {isa = PBXFileReference; explicitFileType = wrapper.application; includeInIndex = 0; path = cBrogue.app; sourceTree = BUILT_PRODUCTS_DIR; };
		F0743E421E6F3ACE004EB400 /* Ability.cpp */ = {isa = PBXFileReference; fileEncoding = 4; lastKnownFileType = sourcecode.cpp.cpp; name = Ability.cpp; path = ChimeraCode/Ability.cpp; sourceTree = "<group>"; };
		F0743E431E6F3ACE004EB400 /* Ability.h */ = {isa = PBXFileReference; fileEncoding = 4; lastKnownFileType = sourcecode.c.h; name = Ability.h; path = ChimeraCode/Ability.h; sourceTree = "<group>"; };
		F0743E441E6F3ACE004EB400 /* Blueprints.cpp */ = {isa = PBXFileReference; fileEncoding = 4; lastKnownFileType = sourcecode.cpp.cpp; lineEnding = 0; name = Blueprints.cpp; path = ChimeraCode/Blueprints.cpp; sourceTree = "<group>"; xcLanguageSpecificationIdentifier = xcode.lang.cpp; };
		F0743E451E6F3ACE004EB400 /* Blueprints.h */ = {isa = PBXFileReference; fileEncoding = 4; lastKnownFileType = sourcecode.c.h; name = Blueprints.h; path = ChimeraCode/Blueprints.h; sourceTree = "<group>"; };
		F0743E461E6F3ACE004EB400 /* Body.cpp */ = {isa = PBXFileReference; fileEncoding = 4; lastKnownFileType = sourcecode.cpp.cpp; name = Body.cpp; path = ChimeraCode/Body.cpp; sourceTree = "<group>"; };
		F0743E471E6F3ACE004EB400 /* Body.h */ = {isa = PBXFileReference; fileEncoding = 4; lastKnownFileType = sourcecode.c.h; name = Body.h; path = ChimeraCode/Body.h; sourceTree = "<group>"; };
		F0743E481E6F3ACE004EB400 /* ChimeraMonster.cpp */ = {isa = PBXFileReference; fileEncoding = 4; lastKnownFileType = sourcecode.cpp.cpp; name = ChimeraMonster.cpp; path = ChimeraCode/ChimeraMonster.cpp; sourceTree = "<group>"; };
		F0743E491E6F3ACE004EB400 /* ChimeraMonster.h */ = {isa = PBXFileReference; fileEncoding = 4; lastKnownFileType = sourcecode.c.h; name = ChimeraMonster.h; path = ChimeraCode/ChimeraMonster.h; sourceTree = "<group>"; };
		F0743E4A1E6F3ACE004EB400 /* Horde.cpp */ = {isa = PBXFileReference; fileEncoding = 4; lastKnownFileType = sourcecode.cpp.cpp; name = Horde.cpp; path = ChimeraCode/Horde.cpp; sourceTree = "<group>"; };
		F0743E4B1E6F3ACE004EB400 /* Horde.h */ = {isa = PBXFileReference; fileEncoding = 4; lastKnownFileType = sourcecode.c.h; name = Horde.h; path = ChimeraCode/Horde.h; sourceTree = "<group>"; };
		F0743E4C1E6F3ACE004EB400 /* MonsterGenerator.cpp */ = {isa = PBXFileReference; fileEncoding = 4; lastKnownFileType = sourcecode.cpp.cpp; name = MonsterGenerator.cpp; path = ChimeraCode/MonsterGenerator.cpp; sourceTree = "<group>"; };
		F0743E4D1E6F3ACE004EB400 /* MonsterGenerator.h */ = {isa = PBXFileReference; fileEncoding = 4; lastKnownFileType = sourcecode.c.h; name = MonsterGenerator.h; path = ChimeraCode/MonsterGenerator.h; sourceTree = "<group>"; };
		F0743E4E1E6F3ACE004EB400 /* MonsterGlobals.cpp */ = {isa = PBXFileReference; fileEncoding = 4; lastKnownFileType = sourcecode.cpp.cpp; name = MonsterGlobals.cpp; path = ChimeraCode/MonsterGlobals.cpp; sourceTree = "<group>"; };
		F0743E4F1E6F3ACE004EB400 /* MonsterGlobals.h */ = {isa = PBXFileReference; fileEncoding = 4; lastKnownFileType = sourcecode.c.h; name = MonsterGlobals.h; path = ChimeraCode/MonsterGlobals.h; sourceTree = "<group>"; };
		F0743E571E6F3AE4004EB400 /* Architect.cpp */ = {isa = PBXFileReference; fileEncoding = 4; lastKnownFileType = sourcecode.cpp.cpp; lineEnding = 0; name = Architect.cpp; path = BrogueCode/Architect.cpp; sourceTree = "<group>"; xcLanguageSpecificationIdentifier = xcode.lang.cpp; };
		F0743E581E6F3AE4004EB400 /* Buttons.cpp */ = {isa = PBXFileReference; fileEncoding = 4; lastKnownFileType = sourcecode.cpp.cpp; name = Buttons.cpp; path = BrogueCode/Buttons.cpp; sourceTree = "<group>"; };
		F0743E591E6F3AE4004EB400 /* Combat.cpp */ = {isa = PBXFileReference; fileEncoding = 4; lastKnownFileType = sourcecode.cpp.cpp; name = Combat.cpp; path = BrogueCode/Combat.cpp; sourceTree = "<group>"; };
		F0743E5A1E6F3AE4004EB400 /* Dijkstra.cpp */ = {isa = PBXFileReference; fileEncoding = 4; lastKnownFileType = sourcecode.cpp.cpp; name = Dijkstra.cpp; path = BrogueCode/Dijkstra.cpp; sourceTree = "<group>"; };
		F0743E5B1E6F3AE4004EB400 /* Globals.cpp */ = {isa = PBXFileReference; fileEncoding = 4; lastKnownFileType = sourcecode.cpp.cpp; lineEnding = 0; name = Globals.cpp; path = BrogueCode/Globals.cpp; sourceTree = "<group>"; xcLanguageSpecificationIdentifier = xcode.lang.cpp; };
		F0743E5C1E6F3AE4004EB400 /* Grid.cpp */ = {isa = PBXFileReference; fileEncoding = 4; lastKnownFileType = sourcecode.cpp.cpp; name = Grid.cpp; path = BrogueCode/Grid.cpp; sourceTree = "<group>"; };
		F0743E5D1E6F3AE4004EB400 /* IO.cpp */ = {isa = PBXFileReference; fileEncoding = 4; lastKnownFileType = sourcecode.cpp.cpp; name = IO.cpp; path = BrogueCode/IO.cpp; sourceTree = "<group>"; };
		F0743E5E1E6F3AE4004EB400 /* Items.cpp */ = {isa = PBXFileReference; fileEncoding = 4; lastKnownFileType = sourcecode.cpp.cpp; name = Items.cpp; path = BrogueCode/Items.cpp; sourceTree = "<group>"; };
		F0743E5F1E6F3AE4004EB400 /* Light.cpp */ = {isa = PBXFileReference; fileEncoding = 4; lastKnownFileType = sourcecode.cpp.cpp; name = Light.cpp; path = BrogueCode/Light.cpp; sourceTree = "<group>"; };
		F0743E601E6F3AE4004EB400 /* MainMenu.cpp */ = {isa = PBXFileReference; fileEncoding = 4; lastKnownFileType = sourcecode.cpp.cpp; name = MainMenu.cpp; path = BrogueCode/MainMenu.cpp; sourceTree = "<group>"; };
		F0743E611E6F3AE4004EB400 /* Monsters.cpp */ = {isa = PBXFileReference; fileEncoding = 4; lastKnownFileType = sourcecode.cpp.cpp; name = Monsters.cpp; path = BrogueCode/Monsters.cpp; sourceTree = "<group>"; };
		F0743E621E6F3AE4004EB400 /* Movement.cpp */ = {isa = PBXFileReference; fileEncoding = 4; lastKnownFileType = sourcecode.cpp.cpp; name = Movement.cpp; path = BrogueCode/Movement.cpp; sourceTree = "<group>"; };
		F0743E631E6F3AE4004EB400 /* Random.cpp */ = {isa = PBXFileReference; fileEncoding = 4; lastKnownFileType = sourcecode.cpp.cpp; name = Random.cpp; path = BrogueCode/Random.cpp; sourceTree = "<group>"; };
		F0743E641E6F3AE4004EB400 /* Recordings.cpp */ = {isa = PBXFileReference; fileEncoding = 4; lastKnownFileType = sourcecode.cpp.cpp; name = Recordings.cpp; path = BrogueCode/Recordings.cpp; sourceTree = "<group>"; };
		F0743E651E6F3AE4004EB400 /* RogueMain.cpp */ = {isa = PBXFileReference; fileEncoding = 4; lastKnownFileType = sourcecode.cpp.cpp; name = RogueMain.cpp; path = BrogueCode/RogueMain.cpp; sourceTree = "<group>"; };
		F0743E661E6F3AE4004EB400 /* Time.cpp */ = {isa = PBXFileReference; fileEncoding = 4; lastKnownFileType = sourcecode.cpp.cpp; name = Time.cpp; path = BrogueCode/Time.cpp; sourceTree = "<group>"; };
/* End PBXFileReference section */

/* Begin PBXFrameworksBuildPhase section */
		8D11072E0486CEB800E47090 /* Frameworks */ = {
			isa = PBXFrameworksBuildPhase;
			buildActionMask = 2147483647;
			files = (
				8D11072F0486CEB800E47090 /* Cocoa.framework in Frameworks */,
			);
			runOnlyForDeploymentPostprocessing = 0;
		};
/* End PBXFrameworksBuildPhase section */

/* Begin PBXGroup section */
		080E96DDFE201D6D7F000001 /* Platform Code */ = {
			isa = PBXGroup;
			children = (
				5852BB5A118650D90064384E /* main.m */,
				5852BB5C118650D90064384E /* RogueDriver.h */,
				5852BB5D118650D90064384E /* RogueDriver.m */,
				5852BB5E118650D90064384E /* Viewport.h */,
				5852BB5F118650D90064384E /* Viewport.m */,
				58CA453411A8C4F9006D03FC /* PlatformDefines.h */,
			);
			name = "Platform Code";
			sourceTree = "<group>";
		};
		1058C7A0FEA54F0111CA2CBB /* Linked Frameworks */ = {
			isa = PBXGroup;
			children = (
				1058C7A1FEA54F0111CA2CBB /* Cocoa.framework */,
			);
			name = "Linked Frameworks";
			sourceTree = "<group>";
		};
		1058C7A2FEA54F0111CA2CBB /* Other Frameworks */ = {
			isa = PBXGroup;
			children = (
				29B97324FDCFA39411CA2CEA /* AppKit.framework */,
				13E42FB307B3F0F600E4EEF1 /* CoreData.framework */,
				29B97325FDCFA39411CA2CEA /* Foundation.framework */,
			);
			name = "Other Frameworks";
			sourceTree = "<group>";
		};
		19C28FACFE9D520D11CA2CBB /* Products */ = {
			isa = PBXGroup;
			children = (
				8D1107320486CEB800E47090 /* cBrogue.app */,
			);
			name = Products;
			sourceTree = "<group>";
		};
		29B97314FDCFA39411CA2CEA /* RogueCocoa */ = {
			isa = PBXGroup;
			children = (
				F075856E1D7FAB5F004246C8 /* Chimera Code */,
				080E96DDFE201D6D7F000001 /* Platform Code */,
				29B97315FDCFA39411CA2CEA /* Brogue Code */,
				29B97317FDCFA39411CA2CEA /* Resources */,
				29B97323FDCFA39411CA2CEA /* Frameworks */,
				19C28FACFE9D520D11CA2CBB /* Products */,
			);
			name = RogueCocoa;
			sourceTree = "<group>";
		};
		29B97315FDCFA39411CA2CEA /* Brogue Code */ = {
			isa = PBXGroup;
			children = (
				F0743E571E6F3AE4004EB400 /* Architect.cpp */,
				F0743E581E6F3AE4004EB400 /* Buttons.cpp */,
				F0743E591E6F3AE4004EB400 /* Combat.cpp */,
				F0743E5A1E6F3AE4004EB400 /* Dijkstra.cpp */,
				F0743E5B1E6F3AE4004EB400 /* Globals.cpp */,
				F0743E5C1E6F3AE4004EB400 /* Grid.cpp */,
				F0743E5D1E6F3AE4004EB400 /* IO.cpp */,
				F0743E5E1E6F3AE4004EB400 /* Items.cpp */,
				F0743E5F1E6F3AE4004EB400 /* Light.cpp */,
				F0743E601E6F3AE4004EB400 /* MainMenu.cpp */,
				F0743E611E6F3AE4004EB400 /* Monsters.cpp */,
				F0743E621E6F3AE4004EB400 /* Movement.cpp */,
				F0743E631E6F3AE4004EB400 /* Random.cpp */,
				F0743E641E6F3AE4004EB400 /* Recordings.cpp */,
				F0743E651E6F3AE4004EB400 /* RogueMain.cpp */,
				F0743E661E6F3AE4004EB400 /* Time.cpp */,
				5852BB49118650A10064384E /* Rogue.h */,
				5852BB43118650A10064384E /* IncludeGlobals.h */,
			);
			name = "Brogue Code";
			sourceTree = "<group>";
		};
		29B97317FDCFA39411CA2CEA /* Resources */ = {
			isa = PBXGroup;
			children = (
				58831147109E46C800FF029E /* cBrogue Icon.icns */,
				8D1107310486CEB800E47090 /* Info.plist */,
				089C165CFE840E0CC02AAC07 /* InfoPlist.strings */,
				1DDD58140DA1D0A300B32029 /* MainMenu.xib */,
			);
			name = Resources;
			sourceTree = "<group>";
		};
		29B97323FDCFA39411CA2CEA /* Frameworks */ = {
			isa = PBXGroup;
			children = (
				1058C7A0FEA54F0111CA2CBB /* Linked Frameworks */,
				1058C7A2FEA54F0111CA2CBB /* Other Frameworks */,
			);
			name = Frameworks;
			sourceTree = "<group>";
		};
		F075856E1D7FAB5F004246C8 /* Chimera Code */ = {
			isa = PBXGroup;
			children = (
				F0743E421E6F3ACE004EB400 /* Ability.cpp */,
				F0743E431E6F3ACE004EB400 /* Ability.h */,
				F0743E441E6F3ACE004EB400 /* Blueprints.cpp */,
				F0743E451E6F3ACE004EB400 /* Blueprints.h */,
				F0743E461E6F3ACE004EB400 /* Body.cpp */,
				F0743E471E6F3ACE004EB400 /* Body.h */,
				F0743E481E6F3ACE004EB400 /* ChimeraMonster.cpp */,
				F0743E491E6F3ACE004EB400 /* ChimeraMonster.h */,
				F0743E4A1E6F3ACE004EB400 /* Horde.cpp */,
				F0743E4B1E6F3ACE004EB400 /* Horde.h */,
				F0743E4C1E6F3ACE004EB400 /* MonsterGenerator.cpp */,
				F0743E4D1E6F3ACE004EB400 /* MonsterGenerator.h */,
				F0743E4E1E6F3ACE004EB400 /* MonsterGlobals.cpp */,
				F0743E4F1E6F3ACE004EB400 /* MonsterGlobals.h */,
			);
			name = "Chimera Code";
			sourceTree = "<group>";
		};
/* End PBXGroup section */

/* Begin PBXNativeTarget section */
		8D1107260486CEB800E47090 /* cBrogue */ = {
			isa = PBXNativeTarget;
			buildConfigurationList = C01FCF4A08A954540054247B /* Build configuration list for PBXNativeTarget "cBrogue" */;
			buildPhases = (
				8D1107290486CEB800E47090 /* Resources */,
				8D11072C0486CEB800E47090 /* Sources */,
				8D11072E0486CEB800E47090 /* Frameworks */,
			);
			buildRules = (
			);
			dependencies = (
			);
			name = cBrogue;
			productInstallPath = "$(HOME)/Applications";
			productName = RogueCocoa;
			productReference = 8D1107320486CEB800E47090 /* cBrogue.app */;
			productType = "com.apple.product-type.application";
		};
/* End PBXNativeTarget section */

/* Begin PBXProject section */
		29B97313FDCFA39411CA2CEA /* Project object */ = {
			isa = PBXProject;
			attributes = {
				LastUpgradeCheck = 0460;
			};
			buildConfigurationList = C01FCF4E08A954540054247B /* Build configuration list for PBXProject "cBrogue" */;
			compatibilityVersion = "Xcode 3.2";
			developmentRegion = English;
			hasScannedForEncodings = 1;
			knownRegions = (
				English,
				Japanese,
				French,
				German,
			);
			mainGroup = 29B97314FDCFA39411CA2CEA /* RogueCocoa */;
			projectDirPath = "";
			projectRoot = "";
			targets = (
				8D1107260486CEB800E47090 /* cBrogue */,
			);
		};
/* End PBXProject section */

/* Begin PBXResourcesBuildPhase section */
		8D1107290486CEB800E47090 /* Resources */ = {
			isa = PBXResourcesBuildPhase;
			buildActionMask = 2147483647;
			files = (
				8D11072B0486CEB800E47090 /* InfoPlist.strings in Resources */,
				1DDD58160DA1D0A300B32029 /* MainMenu.xib in Resources */,
				58831148109E46C800FF029E /* cBrogue Icon.icns in Resources */,
			);
			runOnlyForDeploymentPostprocessing = 0;
		};
/* End PBXResourcesBuildPhase section */

/* Begin PBXSourcesBuildPhase section */
		8D11072C0486CEB800E47090 /* Sources */ = {
			isa = PBXSourcesBuildPhase;
			buildActionMask = 2147483647;
			files = (
				F0743E551E6F3ACE004EB400 /* MonsterGenerator.cpp in Sources */,
				F0743E6D1E6F3AE4004EB400 /* IO.cpp in Sources */,
				F0743E731E6F3AE4004EB400 /* Random.cpp in Sources */,
				F0743E6A1E6F3AE4004EB400 /* Dijkstra.cpp in Sources */,
				F0743E561E6F3ACE004EB400 /* MonsterGlobals.cpp in Sources */,
				F0743E6B1E6F3AE4004EB400 /* Globals.cpp in Sources */,
				F0743E511E6F3ACE004EB400 /* Blueprints.cpp in Sources */,
				F0743E751E6F3AE4004EB400 /* RogueMain.cpp in Sources */,
				F0743E721E6F3AE4004EB400 /* Movement.cpp in Sources */,
				F0743E6E1E6F3AE4004EB400 /* Items.cpp in Sources */,
				5852BB60118650D90064384E /* main.m in Sources */,
				5852BB61118650D90064384E /* RogueDriver.m in Sources */,
				F0743E671E6F3AE4004EB400 /* Architect.cpp in Sources */,
				5852BB62118650D90064384E /* Viewport.m in Sources */,
				F0743E681E6F3AE4004EB400 /* Buttons.cpp in Sources */,
				F0743E711E6F3AE4004EB400 /* Monsters.cpp in Sources */,
				F0743E761E6F3AE4004EB400 /* Time.cpp in Sources */,
				F0743E741E6F3AE4004EB400 /* Recordings.cpp in Sources */,
				F0743E6F1E6F3AE4004EB400 /* Light.cpp in Sources */,
				F0743E531E6F3ACE004EB400 /* ChimeraMonster.cpp in Sources */,
				F0743E691E6F3AE4004EB400 /* Combat.cpp in Sources */,
				F0743E521E6F3ACE004EB400 /* Body.cpp in Sources */,
				F0743E541E6F3ACE004EB400 /* Horde.cpp in Sources */,
				F0743E501E6F3ACE004EB400 /* Ability.cpp in Sources */,
				F0743E6C1E6F3AE4004EB400 /* Grid.cpp in Sources */,
				F0743E701E6F3AE4004EB400 /* MainMenu.cpp in Sources */,
			);
			runOnlyForDeploymentPostprocessing = 0;
		};
/* End PBXSourcesBuildPhase section */

/* Begin PBXVariantGroup section */
		089C165CFE840E0CC02AAC07 /* InfoPlist.strings */ = {
			isa = PBXVariantGroup;
			children = (
				089C165DFE840E0CC02AAC07 /* English */,
			);
			name = InfoPlist.strings;
			sourceTree = "<group>";
		};
		1DDD58140DA1D0A300B32029 /* MainMenu.xib */ = {
			isa = PBXVariantGroup;
			children = (
				1DDD58150DA1D0A300B32029 /* English */,
			);
			name = MainMenu.xib;
			sourceTree = "<group>";
		};
/* End PBXVariantGroup section */

/* Begin XCBuildConfiguration section */
		C01FCF4B08A954540054247B /* Debug */ = {
			isa = XCBuildConfiguration;
			buildSettings = {
				ALWAYS_SEARCH_USER_PATHS = NO;
				ARCHS = "$(ARCHS_STANDARD_32_BIT)";
				CODE_SIGN_IDENTITY = "";
				COMBINE_HIDPI_IMAGES = YES;
				COPY_PHASE_STRIP = NO;
				GCC_DYNAMIC_NO_PIC = NO;
				GCC_MODEL_TUNING = G5;
				GCC_OPTIMIZATION_LEVEL = 0;
				GCC_PRECOMPILE_PREFIX_HEADER = YES;
				GCC_PREFIX_HEADER = RogueCocoa_Prefix.pch;
				GCC_TREAT_IMPLICIT_FUNCTION_DECLARATIONS_AS_ERRORS = YES;
				GCC_VERSION = "";
				GCC_WARN_64_TO_32_BIT_CONVERSION = NO;
				GCC_WARN_ABOUT_MISSING_FIELD_INITIALIZERS = NO;
				GCC_WARN_ABOUT_MISSING_NEWLINE = YES;
				GCC_WARN_ABOUT_MISSING_PROTOTYPES = NO;
				GCC_WARN_ABOUT_POINTER_SIGNEDNESS = YES;
				GCC_WARN_CHECK_SWITCH_STATEMENTS = YES;
				GCC_WARN_EFFECTIVE_CPLUSPLUS_VIOLATIONS = YES;
				GCC_WARN_FOUR_CHARACTER_CONSTANTS = YES;
				GCC_WARN_INITIALIZER_NOT_FULLY_BRACKETED = YES;
				GCC_WARN_MISSING_PARENTHESES = NO;
				GCC_WARN_PEDANTIC = NO;
				GCC_WARN_PROTOTYPE_CONVERSION = NO;
				GCC_WARN_SHADOW = NO;
				GCC_WARN_SIGN_COMPARE = YES;
				GCC_WARN_UNINITIALIZED_AUTOS = NO;
				GCC_WARN_UNKNOWN_PRAGMAS = YES;
				GCC_WARN_UNUSED_FUNCTION = YES;
				GCC_WARN_UNUSED_LABEL = YES;
				GCC_WARN_UNUSED_PARAMETER = YES;
				GCC_WARN_UNUSED_VALUE = YES;
				INFOPLIST_FILE = Info.plist;
				INSTALL_PATH = "$(HOME)/Applications";
				MACOSX_DEPLOYMENT_TARGET = 10.7;
				ONLY_ACTIVE_ARCH = NO;
				PRODUCT_NAME = cBrogue;
				SDKROOT = macosx;
				VALID_ARCHS = "i386 x86_64";
			};
			name = Debug;
		};
		C01FCF4C08A954540054247B /* Release */ = {
			isa = XCBuildConfiguration;
			buildSettings = {
				ALWAYS_SEARCH_USER_PATHS = NO;
				ARCHS = "$(ARCHS_STANDARD_32_BIT)";
				CODE_SIGN_IDENTITY = "";
				COMBINE_HIDPI_IMAGES = YES;
				GCC_MODEL_TUNING = G5;
				GCC_PRECOMPILE_PREFIX_HEADER = YES;
				GCC_PREFIX_HEADER = RogueCocoa_Prefix.pch;
				GCC_VERSION = "";
				GCC_WARN_PEDANTIC = NO;
				GCC_WARN_PROTOTYPE_CONVERSION = YES;
				GCC_WARN_SIGN_COMPARE = YES;
				INFOPLIST_FILE = Info.plist;
				INSTALL_PATH = "$(HOME)/Applications";
				MACOSX_DEPLOYMENT_TARGET = 10.7;
				PRODUCT_NAME = cBrogue;
				SDKROOT = macosx;
				VALID_ARCHS = "i386 x86_64";
			};
			name = Release;
		};
		C01FCF4F08A954540054247B /* Debug */ = {
			isa = XCBuildConfiguration;
			buildSettings = {
				ARCHS = "$(ARCHS_STANDARD_32_BIT)";
				CLANG_ANALYZER_DEADCODE_DEADSTORES = NO;
				CLANG_CXX_LANGUAGE_STANDARD = "c++0x";
				CLANG_CXX_LIBRARY = "libc++";
				GCC_C_LANGUAGE_STANDARD = "compiler-default";
				GCC_OPTIMIZATION_LEVEL = 0;
				GCC_WARN_ABOUT_RETURN_TYPE = YES;
				GCC_WARN_UNUSED_VARIABLE = YES;
				MACOSX_DEPLOYMENT_TARGET = 10.7;
				ONLY_ACTIVE_ARCH = YES;
				SDKROOT = macosx;
				VALID_ARCHS = "i386 x86_64";
			};
			name = Debug;
		};
		C01FCF5008A954540054247B /* Release */ = {
			isa = XCBuildConfiguration;
			buildSettings = {
				ARCHS = "$(ARCHS_STANDARD_32_BIT)";
				CLANG_ANALYZER_DEADCODE_DEADSTORES = NO;
				CLANG_CXX_LANGUAGE_STANDARD = "c++0x";
				CLANG_CXX_LIBRARY = "libc++";
				GCC_C_LANGUAGE_STANDARD = "compiler-default";
				GCC_WARN_ABOUT_RETURN_TYPE = YES;
				GCC_WARN_UNUSED_VARIABLE = YES;
				MACOSX_DEPLOYMENT_TARGET = 10.7;
				PRECOMPS_INCLUDE_HEADERS_FROM_BUILT_PRODUCTS_DIR = NO;
				SDKROOT = macosx;
				VALID_ARCHS = "i386 x86_64";
			};
			name = Release;
		};
/* End XCBuildConfiguration section */

/* Begin XCConfigurationList section */
		C01FCF4A08A954540054247B /* Build configuration list for PBXNativeTarget "cBrogue" */ = {
			isa = XCConfigurationList;
			buildConfigurations = (
				C01FCF4B08A954540054247B /* Debug */,
				C01FCF4C08A954540054247B /* Release */,
			);
			defaultConfigurationIsVisible = 0;
			defaultConfigurationName = Release;
		};
		C01FCF4E08A954540054247B /* Build configuration list for PBXProject "cBrogue" */ = {
			isa = XCConfigurationList;
			buildConfigurations = (
				C01FCF4F08A954540054247B /* Debug */,
				C01FCF5008A954540054247B /* Release */,
			);
			defaultConfigurationIsVisible = 0;
			defaultConfigurationName = Release;
		};
/* End XCConfigurationList section */
	};
	rootObject = 29B97313FDCFA39411CA2CEA /* Project object */;
}
